// !$*UTF8*$!
{
	archiveVersion = 1;
	classes = {
	};
	objectVersion = 46;
	objects = {

/* Begin PBXBuildFile section */
		D464FD6A1BE3A4F6000E18CE /* AppDelegate.m in Sources */ = {isa = PBXBuildFile; fileRef = D464FD691BE3A4F6000E18CE /* AppDelegate.m */; };
		D464FD6D1BE3A506000E18CE /* Info.plist in Resources */ = {isa = PBXBuildFile; fileRef = D464FD6B1BE3A505000E18CE /* Info.plist */; };
		D464FD6E1BE3A506000E18CE /* main.m in Sources */ = {isa = PBXBuildFile; fileRef = D464FD6C1BE3A506000E18CE /* main.m */; };
		D464FD711BE3A510000E18CE /* ViewController.m in Sources */ = {isa = PBXBuildFile; fileRef = D464FD701BE3A510000E18CE /* ViewController.m */; };
		D464FD731BE3A51D000E18CE /* Images.xcassets in Resources */ = {isa = PBXBuildFile; fileRef = D464FD721BE3A51D000E18CE /* Images.xcassets */; };
		D464FD841BE3A58F000E18CE /* TimerLabel.m in Sources */ = {isa = PBXBuildFile; fileRef = D464FD831BE3A58F000E18CE /* TimerLabel.m */; };
		D464FDAC1BE3A719000E18CE /* LaunchScreen.xib in Resources */ = {isa = PBXBuildFile; fileRef = D464FDA81BE3A719000E18CE /* LaunchScreen.xib */; };
		D464FDB01BE3A73C000E18CE /* Main.storyboard in Resources */ = {isa = PBXBuildFile; fileRef = D464FDAE1BE3A73C000E18CE /* Main.storyboard */; };
/* End PBXBuildFile section */

/* Begin PBXFileReference section */
		D464FD681BE3A4EC000E18CE /* AppDelegate.h */ = {isa = PBXFileReference; lastKnownFileType = sourcecode.c.h; name = AppDelegate.h; path = TimerLabelDemo/AppDelegate.h; sourceTree = SOURCE_ROOT; };
		D464FD691BE3A4F6000E18CE /* AppDelegate.m */ = {isa = PBXFileReference; fileEncoding = 4; lastKnownFileType = sourcecode.c.objc; name = AppDelegate.m; path = TimerLabelDemo/AppDelegate.m; sourceTree = SOURCE_ROOT; };
		D464FD6B1BE3A505000E18CE /* Info.plist */ = {isa = PBXFileReference; fileEncoding = 4; lastKnownFileType = text.plist.xml; name = Info.plist; path = TimerLabelDemo/Info.plist; sourceTree = SOURCE_ROOT; };
		D464FD6C1BE3A506000E18CE /* main.m */ = {isa = PBXFileReference; fileEncoding = 4; lastKnownFileType = sourcecode.c.objc; name = main.m; path = TimerLabelDemo/main.m; sourceTree = SOURCE_ROOT; };
		D464FD6F1BE3A510000E18CE /* ViewController.h */ = {isa = PBXFileReference; fileEncoding = 4; lastKnownFileType = sourcecode.c.h; name = ViewController.h; path = TimerLabelDemo/ViewController.h; sourceTree = SOURCE_ROOT; };
		D464FD701BE3A510000E18CE /* ViewController.m */ = {isa = PBXFileReference; fileEncoding = 4; lastKnownFileType = sourcecode.c.objc; name = ViewController.m; path = TimerLabelDemo/ViewController.m; sourceTree = SOURCE_ROOT; };
		D464FD721BE3A51D000E18CE /* Images.xcassets */ = {isa = PBXFileReference; lastKnownFileType = folder.assetcatalog; name = Images.xcassets; path = TimerLabelDemo/Images.xcassets; sourceTree = SOURCE_ROOT; };
		D464FD821BE3A58F000E18CE /* TimerLabel.h */ = {isa = PBXFileReference; fileEncoding = 4; lastKnownFileType = sourcecode.c.h; path = TimerLabel.h; sourceTree = "<group>"; };
		D464FD831BE3A58F000E18CE /* TimerLabel.m */ = {isa = PBXFileReference; fileEncoding = 4; lastKnownFileType = sourcecode.c.objc; path = TimerLabel.m; sourceTree = "<group>"; };
		D464FDA91BE3A719000E18CE /* Base */ = {isa = PBXFileReference; lastKnownFileType = file.xib; name = Base; path = TimerLabelDemo/Base.lproj/LaunchScreen.xib; sourceTree = SOURCE_ROOT; };
		D464FDAF1BE3A73C000E18CE /* Base */ = {isa = PBXFileReference; lastKnownFileType = file.storyboard; name = Base; path = TimerLabelDemo/Base.lproj/Main.storyboard; sourceTree = SOURCE_ROOT; };
		D4D7919F1A75265400EAE720 /* TimerLabelDemo.app */ = {isa = PBXFileReference; explicitFileType = wrapper.application; includeInIndex = 0; path = TimerLabelDemo.app; sourceTree = BUILT_PRODUCTS_DIR; };
/* End PBXFileReference section */

/* Begin PBXFrameworksBuildPhase section */
		D4D7919C1A75265400EAE720 /* Frameworks */ = {
			isa = PBXFrameworksBuildPhase;
			buildActionMask = 2147483647;
			files = (
			);
			runOnlyForDeploymentPostprocessing = 0;
		};
/* End PBXFrameworksBuildPhase section */

/* Begin PBXGroup section */
		D464FD811BE3A58F000E18CE /* TimerLabel */ = {
			isa = PBXGroup;
			children = (
				D464FD821BE3A58F000E18CE /* TimerLabel.h */,
				D464FD831BE3A58F000E18CE /* TimerLabel.m */,
			);
			path = TimerLabel;
			sourceTree = "<group>";
		};
		D4D791961A75265400EAE720 = {
			isa = PBXGroup;
			children = (
				D464FD811BE3A58F000E18CE /* TimerLabel */,
				D4D791A11A75265400EAE720 /* TimerLabelDemo */,
				D4D791A01A75265400EAE720 /* Products */,
			);
			sourceTree = "<group>";
		};
		D4D791A01A75265400EAE720 /* Products */ = {
			isa = PBXGroup;
			children = (
				D4D7919F1A75265400EAE720 /* TimerLabelDemo.app */,
			);
			name = Products;
			sourceTree = "<group>";
		};
		D4D791A11A75265400EAE720 /* TimerLabelDemo */ = {
			isa = PBXGroup;
			children = (
				D464FDA81BE3A719000E18CE /* LaunchScreen.xib */,
				D464FDAE1BE3A73C000E18CE /* Main.storyboard */,
				D464FD681BE3A4EC000E18CE /* AppDelegate.h */,
				D464FD691BE3A4F6000E18CE /* AppDelegate.m */,
				D464FD6F1BE3A510000E18CE /* ViewController.h */,
				D464FD701BE3A510000E18CE /* ViewController.m */,
				D464FD721BE3A51D000E18CE /* Images.xcassets */,
				D4D791A21A75265400EAE720 /* Supporting Files */,
				D464FD6B1BE3A505000E18CE /* Info.plist */,
				D464FD6C1BE3A506000E18CE /* main.m */,
			);
			name = TimerLabelDemo;
			path = TimerLabel;
			sourceTree = "<group>";
		};
		D4D791A21A75265400EAE720 /* Supporting Files */ = {
			isa = PBXGroup;
			children = (
			);
			name = "Supporting Files";
			sourceTree = "<group>";
		};
/* End PBXGroup section */

/* Begin PBXNativeTarget section */
		D4D7919E1A75265400EAE720 /* TimerLabelDemo */ = {
			isa = PBXNativeTarget;
			buildConfigurationList = D4D791C21A75265400EAE720 /* Build configuration list for PBXNativeTarget "TimerLabelDemo" */;
			buildPhases = (
				D4D7919B1A75265400EAE720 /* Sources */,
				D4D7919C1A75265400EAE720 /* Frameworks */,
				D4D7919D1A75265400EAE720 /* Resources */,
			);
			buildRules = (
			);
			dependencies = (
			);
			name = TimerLabelDemo;
			productName = TimerLabel;
			productReference = D4D7919F1A75265400EAE720 /* TimerLabelDemo.app */;
			productType = "com.apple.product-type.application";
		};
/* End PBXNativeTarget section */

/* Begin PBXProject section */
		D4D791971A75265400EAE720 /* Project object */ = {
			isa = PBXProject;
			attributes = {
				LastUpgradeCheck = 0610;
				ORGANIZATIONNAME = zhangchao;
				TargetAttributes = {
					D4D7919E1A75265400EAE720 = {
						CreatedOnToolsVersion = 6.1.1;
					};
				};
			};
			buildConfigurationList = D4D7919A1A75265400EAE720 /* Build configuration list for PBXProject "TimerLabelDemo" */;
			compatibilityVersion = "Xcode 3.2";
			developmentRegion = English;
			hasScannedForEncodings = 0;
			knownRegions = (
				en,
				Base,
			);
			mainGroup = D4D791961A75265400EAE720;
			productRefGroup = D4D791A01A75265400EAE720 /* Products */;
			projectDirPath = "";
			projectRoot = "";
			targets = (
				D4D7919E1A75265400EAE720 /* TimerLabelDemo */,
			);
		};
/* End PBXProject section */

/* Begin PBXResourcesBuildPhase section */
		D4D7919D1A75265400EAE720 /* Resources */ = {
			isa = PBXResourcesBuildPhase;
			buildActionMask = 2147483647;
			files = (
				D464FD6D1BE3A506000E18CE /* Info.plist in Resources */,
				D464FDAC1BE3A719000E18CE /* LaunchScreen.xib in Resources */,
				D464FD731BE3A51D000E18CE /* Images.xcassets in Resources */,
				D464FDB01BE3A73C000E18CE /* Main.storyboard in Resources */,
			);
			runOnlyForDeploymentPostprocessing = 0;
		};
/* End PBXResourcesBuildPhase section */

/* Begin PBXSourcesBuildPhase section */
		D4D7919B1A75265400EAE720 /* Sources */ = {
			isa = PBXSourcesBuildPhase;
			buildActionMask = 2147483647;
			files = (
				D464FD841BE3A58F000E18CE /* TimerLabel.m in Sources */,
				D464FD6E1BE3A506000E18CE /* main.m in Sources */,
				D464FD6A1BE3A4F6000E18CE /* AppDelegate.m in Sources */,
				D464FD711BE3A510000E18CE /* ViewController.m in Sources */,
			);
			runOnlyForDeploymentPostprocessing = 0;
		};
/* End PBXSourcesBuildPhase section */

/* Begin PBXVariantGroup section */
		D464FDA81BE3A719000E18CE /* LaunchScreen.xib */ = {
			isa = PBXVariantGroup;
			children = (
				D464FDA91BE3A719000E18CE /* Base */,
			);
			name = LaunchScreen.xib;
			sourceTree = "<group>";
		};
		D464FDAE1BE3A73C000E18CE /* Main.storyboard */ = {
			isa = PBXVariantGroup;
			children = (
				D464FDAF1BE3A73C000E18CE /* Base */,
			);
			name = Main.storyboard;
			sourceTree = "<group>";
		};
/* End PBXVariantGroup section */

/* Begin XCBuildConfiguration section */
		D4D791C01A75265400EAE720 /* Debug */ = {
			isa = XCBuildConfiguration;
			buildSettings = {
				ALWAYS_SEARCH_USER_PATHS = NO;
				CLANG_CXX_LANGUAGE_STANDARD = "gnu++0x";
				CLANG_CXX_LIBRARY = "libc++";
				CLANG_ENABLE_MODULES = YES;
				CLANG_ENABLE_OBJC_ARC = YES;
				CLANG_WARN_BOOL_CONVERSION = YES;
				CLANG_WARN_CONSTANT_CONVERSION = YES;
				CLANG_WARN_DIRECT_OBJC_ISA_USAGE = YES_ERROR;
				CLANG_WARN_EMPTY_BODY = YES;
				CLANG_WARN_ENUM_CONVERSION = YES;
				CLANG_WARN_INT_CONVERSION = YES;
				CLANG_WARN_OBJC_ROOT_CLASS = YES_ERROR;
				CLANG_WARN_UNREACHABLE_CODE = YES;
				CLANG_WARN__DUPLICATE_METHOD_MATCH = YES;
				"CODE_SIGN_IDENTITY[sdk=iphoneos*]" = "iPhone Developer";
				COPY_PHASE_STRIP = NO;
				ENABLE_STRICT_OBJC_MSGSEND = YES;
				GCC_C_LANGUAGE_STANDARD = gnu99;
				GCC_DYNAMIC_NO_PIC = NO;
				GCC_OPTIMIZATION_LEVEL = 0;
				GCC_PREPROCESSOR_DEFINITIONS = (
					"DEBUG=1",
					"$(inherited)",
				);
				GCC_SYMBOLS_PRIVATE_EXTERN = NO;
				GCC_WARN_64_TO_32_BIT_CONVERSION = YES;
				GCC_WARN_ABOUT_RETURN_TYPE = YES_ERROR;
				GCC_WARN_UNDECLARED_SELECTOR = YES;
				GCC_WARN_UNINITIALIZED_AUTOS = YES_AGGRESSIVE;
				GCC_WARN_UNUSED_FUNCTION = YES;
				GCC_WARN_UNUSED_VARIABLE = YES;
				IPHONEOS_DEPLOYMENT_TARGET = 8.1;
				MTL_ENABLE_DEBUG_INFO = YES;
				ONLY_ACTIVE_ARCH = YES;
				SDKROOT = iphoneos;
			};
			name = Debug;
		};
		D4D791C11A75265400EAE720 /* Release */ = {
			isa = XCBuildConfiguration;
			buildSettings = {
				ALWAYS_SEARCH_USER_PATHS = NO;
				CLANG_CXX_LANGUAGE_STANDARD = "gnu++0x";
				CLANG_CXX_LIBRARY = "libc++";
				CLANG_ENABLE_MODULES = YES;
				CLANG_ENABLE_OBJC_ARC = YES;
				CLANG_WARN_BOOL_CONVERSION = YES;
				CLANG_WARN_CONSTANT_CONVERSION = YES;
				CLANG_WARN_DIRECT_OBJC_ISA_USAGE = YES_ERROR;
				CLANG_WARN_EMPTY_BODY = YES;
				CLANG_WARN_ENUM_CONVERSION = YES;
				CLANG_WARN_INT_CONVERSION = YES;
				CLANG_WARN_OBJC_ROOT_CLASS = YES_ERROR;
				CLANG_WARN_UNREACHABLE_CODE = YES;
				CLANG_WARN__DUPLICATE_METHOD_MATCH = YES;
				"CODE_SIGN_IDENTITY[sdk=iphoneos*]" = "iPhone Developer";
				COPY_PHASE_STRIP = YES;
				ENABLE_NS_ASSERTIONS = NO;
				ENABLE_STRICT_OBJC_MSGSEND = YES;
				GCC_C_LANGUAGE_STANDARD = gnu99;
				GCC_WARN_64_TO_32_BIT_CONVERSION = YES;
				GCC_WARN_ABOUT_RETURN_TYPE = YES_ERROR;
				GCC_WARN_UNDECLARED_SELECTOR = YES;
				GCC_WARN_UNINITIALIZED_AUTOS = YES_AGGRESSIVE;
				GCC_WARN_UNUSED_FUNCTION = YES;
				GCC_WARN_UNUSED_VARIABLE = YES;
				IPHONEOS_DEPLOYMENT_TARGET = 8.1;
				MTL_ENABLE_DEBUG_INFO = NO;
				SDKROOT = iphoneos;
				VALIDATE_PRODUCT = YES;
			};
			name = Release;
		};
		D4D791C31A75265400EAE720 /* Debug */ = {
			isa = XCBuildConfiguration;
			buildSettings = {
				ASSETCATALOG_COMPILER_APPICON_NAME = AppIcon;
				INFOPLIST_FILE = "$(SRCROOT)/TimerLabelDemo/Info.plist";
				LD_RUNPATH_SEARCH_PATHS = "$(inherited) @executable_path/Frameworks";
				PRODUCT_NAME = TimerLabelDemo;
			};
			name = Debug;
		};
		D4D791C41A75265400EAE720 /* Release */ = {
			isa = XCBuildConfiguration;
			buildSettings = {
				ASSETCATALOG_COMPILER_APPICON_NAME = AppIcon;
				INFOPLIST_FILE = "$(SRCROOT)/TimerLabelDemo/Info.plist";
				LD_RUNPATH_SEARCH_PATHS = "$(inherited) @executable_path/Frameworks";
				PRODUCT_NAME = TimerLabelDemo;
			};
			name = Release;
		};
/* End XCBuildConfiguration section */

/* Begin XCConfigurationList section */
		D4D7919A1A75265400EAE720 /* Build configuration list for PBXProject "TimerLabelDemo" */ = {
			isa = XCConfigurationList;
			buildConfigurations = (
				D4D791C01A75265400EAE720 /* Debug */,
				D4D791C11A75265400EAE720 /* Release */,
			);
			defaultConfigurationIsVisible = 0;
			defaultConfigurationName = Release;
		};
		D4D791C21A75265400EAE720 /* Build configuration list for PBXNativeTarget "TimerLabelDemo" */ = {
			isa = XCConfigurationList;
			buildConfigurations = (
				D4D791C31A75265400EAE720 /* Debug */,
				D4D791C41A75265400EAE720 /* Release */,
			);
			defaultConfigurationIsVisible = 0;
			defaultConfigurationName = Release;
		};
/* End XCConfigurationList section */
	};
	rootObject = D4D791971A75265400EAE720 /* Project object */;
}
